
Microsoft Visual Studio Solution File, Format Version 12.00
# Visual Studio 2013
VisualStudioVersion = 12.0.31101.0
MinimumVisualStudioVersion = 10.0.40219.1
Project("{FAE04EC0-301F-11D3-BF4B-00C04F79EFBC}") = "DrivenAz", "DrivenAz\DrivenAz.csproj", "{1A7ABD4C-224A-49F0-A6C1-E056783EBFEA}"
EndProject
Global
	GlobalSection(SolutionConfigurationPlatforms) = preSolution
		Debug|Any CPU = Debug|Any CPU
		Release|Any CPU = Release|Any CPU
	EndGlobalSection
	GlobalSection(ProjectConfigurationPlatforms) = postSolution
		{1A7ABD4C-224A-49F0-A6C1-E056783EBFEA}.Debug|Any CPU.ActiveCfg = Debug|Any CPU
		{1A7ABD4C-224A-49F0-A6C1-E056783EBFEA}.Debug|Any CPU.Build.0 = Debug|Any CPU
		{1A7ABD4C-224A-49F0-A6C1-E056783EBFEA}.Release|Any CPU.ActiveCfg = Release|Any CPU
		{1A7ABD4C-224A-49F0-A6C1-E056783EBFEA}.Release|Any CPU.Build.0 = Release|Any CPU
	EndGlobalSection
	GlobalSection(SolutionProperties) = preSolution
		HideSolutionNode = FALSE
	EndGlobalSection
EndGlobal
